
Microsoft Visual Studio Solution File, Format Version 12.00
# Visual Studio Version 16
VisualStudioVersion = 16.0.30611.23
MinimumVisualStudioVersion = 10.0.40219.1
Project("{FAE04EC0-301F-11D3-BF4B-00C04F79EFBC}") = "CS029Stopky", "CS029Stopky\CS029Stopky.csproj", "{27FD5FA9-1D21-4A5F-9E36-5E26AB373531}"
EndProject
Global
	GlobalSection(SolutionConfigurationPlatforms) = preSolution
		Debug|Any CPU = Debug|Any CPU
		Release|Any CPU = Release|Any CPU
	EndGlobalSection
	GlobalSection(ProjectConfigurationPlatforms) = postSolution
		{27FD5FA9-1D21-4A5F-9E36-5E26AB373531}.Debug|Any CPU.ActiveCfg = Debug|Any CPU
		{27FD5FA9-1D21-4A5F-9E36-5E26AB373531}.Debug|Any CPU.Build.0 = Debug|Any CPU
		{27FD5FA9-1D21-4A5F-9E36-5E26AB373531}.Release|Any CPU.ActiveCfg = Release|Any CPU
		{27FD5FA9-1D21-4A5F-9E36-5E26AB373531}.Release|Any CPU.Build.0 = Release|Any CPU
	EndGlobalSection
	GlobalSection(SolutionProperties) = preSolution
		HideSolutionNode = FALSE
	EndGlobalSection
	GlobalSection(ExtensibilityGlobals) = postSolution
		SolutionGuid = {954D5BB7-E410-4253-979E-9478B71B4A53}
	EndGlobalSection
EndGlobal
